{
    "version": 3,
    "terraform_version": "0.9.5",
    "serial": 0,
    "lineage": "a5392193-af7f-4897-80cb-a54662f2ae58",
    "modules": [
        {
            "path": [
                "root"
            ],
            "outputs": {
                "app1_private_dns": {
                    "sensitive": false,
                    "type": "string",
                    "value": "ip-10-0-3-96.eu-west-1.compute.internal"
                },
                "app1_private_ip": {
                    "sensitive": false,
                    "type": "string",
                    "value": "10.0.3.96"
                },
                "rds_endpoint": {
                    "sensitive": false,
                    "type": "string",
                    "value": "appdb.cpojlxsavdro.eu-west-1.rds.amazonaws.com:3306"
                },
                "rds_sg_id": {
                    "sensitive": false,
                    "type": "string",
                    "value": "sg-934852ea"
                }
            },
            "resources": {},
            "depends_on": []
        },
        {
            "path": [
                "root",
                "app1"
            ],
            "outputs": {
                "app_private_dns": {
                    "sensitive": false,
                    "type": "string",
                    "value": "ip-10-0-3-96.eu-west-1.compute.internal"
                },
                "app_private_ip": {
                    "sensitive": false,
                    "type": "string",
                    "value": "10.0.3.96"
                },
                "app_sg_id": {
                    "sensitive": false,
                    "type": "string",
                    "value": "sg-40554f39"
                }
            },
            "resources": {},
            "depends_on": []
        },
        {
            "path": [
                "root",
                "network"
            ],
            "outputs": {
                "bastion_private_ip": {
                    "sensitive": false,
                    "type": "string",
                    "value": "10.0.1.235"
                },
                "bastion_public_ip": {
                    "sensitive": false,
                    "type": "string",
                    "value": "52.31.130.120"
                },
                "bastion_sg_id": {
                    "sensitive": false,
                    "type": "string",
                    "value": "sg-784a5001"
                },
                "bastion_user": {
                    "sensitive": false,
                    "type": "string",
                    "value": "ubuntu"
                },
                "nat_gateway_ids": {
                    "sensitive": false,
                    "type": "string",
                    "value": "nat-0fcad8c6877301148"
                },
                "private_subnet_ids": {
                    "sensitive": false,
                    "type": "string",
                    "value": "subnet-577fa71e,subnet-e70811bf,subnet-037ba34a"
                },
                "public_subnet_ids": {
                    "sensitive": false,
                    "type": "string",
                    "value": "subnet-b97da5f0,subnet-47150c1f"
                },
                "vpc_cidr": {
                    "sensitive": false,
                    "type": "string",
                    "value": "10.0.0.0/16"
                },
                "vpc_id": {
                    "sensitive": false,
                    "type": "string",
                    "value": "vpc-0467b863"
                }
            },
            "resources": {},
            "depends_on": []
        },
        {
            "path": [
                "root",
                "rds1"
            ],
            "outputs": {
                "rds_endpoint": {
                    "sensitive": false,
                    "type": "string",
                    "value": "appdb.cpojlxsavdro.eu-west-1.rds.amazonaws.com:3306"
                },
                "rds_sg_id": {
                    "sensitive": false,
                    "type": "string",
                    "value": "sg-934852ea"
                }
            },
            "resources": {},
            "depends_on": []
        },
        {
            "path": [
                "root",
                "app1",
                "app"
            ],
            "outputs": {
                "private_dns": {
                    "sensitive": false,
                    "type": "string",
                    "value": "ip-10-0-3-96.eu-west-1.compute.internal"
                },
                "private_ip": {
                    "sensitive": false,
                    "type": "string",
                    "value": "10.0.3.96"
                },
                "sg_id": {
                    "sensitive": false,
                    "type": "string",
                    "value": "sg-40554f39"
                }
            },
            "resources": {
                "aws_instance.app_instance": {
                    "type": "aws_instance",
                    "depends_on": [
                        "aws_key_pair.app_key_pair",
                        "aws_security_group.app_sg"
                    ],
                    "primary": {
                        "id": "i-00c80873ad633bf9b",
                        "attributes": {
                            "ami": "ami-844e0bf7",
                            "associate_public_ip_address": "false",
                            "availability_zone": "eu-west-1a",
                            "disable_api_termination": "false",
                            "ebs_block_device.#": "0",
                            "ebs_optimized": "false",
                            "ephemeral_block_device.#": "0",
                            "iam_instance_profile": "",
                            "id": "i-00c80873ad633bf9b",
                            "instance_state": "running",
                            "instance_type": "t2.micro",
                            "ipv6_address_count": "0",
                            "ipv6_addresses.#": "0",
                            "key_name": "app_key_pair",
                            "monitoring": "false",
                            "network_interface.#": "0",
                            "network_interface_id": "eni-5a3f5567",
                            "primary_network_interface_id": "eni-5a3f5567",
                            "private_dns": "ip-10-0-3-96.eu-west-1.compute.internal",
                            "private_ip": "10.0.3.96",
                            "public_dns": "",
                            "public_ip": "",
                            "root_block_device.#": "1",
                            "root_block_device.0.delete_on_termination": "true",
                            "root_block_device.0.iops": "100",
                            "root_block_device.0.volume_size": "8",
                            "root_block_device.0.volume_type": "gp2",
                            "security_groups.#": "0",
                            "source_dest_check": "true",
                            "subnet_id": "subnet-577fa71e",
                            "tags.%": "0",
                            "tenancy": "default",
                            "volume_tags.%": "0",
                            "vpc_security_group_ids.#": "1",
                            "vpc_security_group_ids.1076728706": "sg-40554f39"
                        },
                        "meta": {
                            "schema_version": "1"
                        },
                        "tainted": false
                    },
                    "deposed": [],
                    "provider": ""
                },
                "aws_key_pair.app_key_pair": {
                    "type": "aws_key_pair",
                    "depends_on": [],
                    "primary": {
                        "id": "app_key_pair",
                        "attributes": {
                            "id": "app_key_pair",
                            "key_name": "app_key_pair",
                            "public_key": "ssh-rsa AAAAB3NzaC1yc2EAAAADAQABAAABAQCxkAVT8qDSVX1jipHGOEH9tKhSMBVVPDjYwL1pgriHZbZR3QjZDEkVbRU3WpN12RitVKihuuLRwD8Iyy7oNrwqj+jMh6zL2BH/rT0cIWn8YW8ynmZDqSBpTLINFNygbmzZmdSzuavKWwKLqek3ND36ZMQJNHum7p10Ey30C9U1pCBxa5Nmx8aAxCrDqL+TXCgUIhBThLQG1ZLHK5iPFtIGsKQgOBaXfD0QXIHO5LspefBrrMCXji+NxY2TfTHyPqLLQNFSyl+HzFrIJPFgk16O0uHbVL3Kjo2oHxFmnjSdAFkwzVh06QAeTmQMhiesSWdgxJAmioFLdB7STSOIbMLH vpan@Venus-Air"
                        },
                        "meta": {
                            "schema_version": "1"
                        },
                        "tainted": false
                    },
                    "deposed": [],
                    "provider": ""
                },
                "aws_security_group.app_sg": {
                    "type": "aws_security_group",
                    "depends_on": [],
                    "primary": {
                        "id": "sg-40554f39",
                        "attributes": {
                            "description": "security group that allows ssh and all egress traffic",
                            "egress.#": "1",
                            "egress.482069346.cidr_blocks.#": "1",
                            "egress.482069346.cidr_blocks.0": "0.0.0.0/0",
                            "egress.482069346.from_port": "0",
                            "egress.482069346.ipv6_cidr_blocks.#": "0",
                            "egress.482069346.prefix_list_ids.#": "0",
                            "egress.482069346.protocol": "-1",
                            "egress.482069346.security_groups.#": "0",
                            "egress.482069346.self": "false",
                            "egress.482069346.to_port": "0",
                            "id": "sg-40554f39",
                            "ingress.#": "1",
                            "ingress.193068327.cidr_blocks.#": "0",
                            "ingress.193068327.from_port": "22",
                            "ingress.193068327.ipv6_cidr_blocks.#": "0",
                            "ingress.193068327.protocol": "tcp",
                            "ingress.193068327.security_groups.#": "1",
                            "ingress.193068327.security_groups.251235902": "sg-784a5001",
                            "ingress.193068327.self": "false",
                            "ingress.193068327.to_port": "22",
                            "name": "allow-ssh",
                            "owner_id": "825252702859",
                            "tags.%": "1",
                            "tags.Name": "app_sg",
                            "vpc_id": "vpc-0467b863"
                        },
                        "meta": {},
                        "tainted": false
                    },
                    "deposed": [],
                    "provider": ""
                }
            },
            "depends_on": []
        },
        {
            "path": [
                "root",
                "network",
                "bastion"
            ],
            "outputs": {
                "bastion_private_ip": {
                    "sensitive": false,
                    "type": "string",
                    "value": "10.0.1.235"
                },
                "bastion_public_ip": {
                    "sensitive": false,
                    "type": "string",
                    "value": "52.31.130.120"
                },
                "bastion_sg_id": {
                    "sensitive": false,
                    "type": "string",
                    "value": "sg-784a5001"
                },
                "bastion_user": {
                    "sensitive": false,
                    "type": "string",
                    "value": "ubuntu"
                }
            },
            "resources": {
                "aws_instance.bastion": {
                    "type": "aws_instance",
                    "depends_on": [
                        "aws_key_pair.bastion_key_pair",
                        "aws_security_group.bastion",
                        "module.ami"
                    ],
                    "primary": {
                        "id": "i-0607e095a563df347",
                        "attributes": {
                            "ami": "ami-1f808179",
                            "associate_public_ip_address": "true",
                            "availability_zone": "eu-west-1a",
                            "disable_api_termination": "false",
                            "ebs_block_device.#": "0",
                            "ebs_optimized": "false",
                            "ephemeral_block_device.#": "0",
                            "iam_instance_profile": "",
                            "id": "i-0607e095a563df347",
                            "instance_state": "running",
                            "instance_type": "t2.micro",
                            "ipv6_address_count": "0",
                            "ipv6_addresses.#": "0",
                            "key_name": "bastion_key_pair",
                            "monitoring": "false",
                            "network_interface.#": "0",
                            "network_interface_id": "eni-83274dbe",
                            "primary_network_interface_id": "eni-83274dbe",
                            "private_dns": "ip-10-0-1-235.eu-west-1.compute.internal",
                            "private_ip": "10.0.1.235",
                            "public_dns": "ec2-52-31-130-120.eu-west-1.compute.amazonaws.com",
                            "public_ip": "52.31.130.120",
                            "root_block_device.#": "1",
                            "root_block_device.0.delete_on_termination": "true",
                            "root_block_device.0.iops": "0",
                            "root_block_device.0.volume_size": "8",
                            "root_block_device.0.volume_type": "standard",
                            "security_groups.#": "0",
                            "source_dest_check": "true",
                            "subnet_id": "subnet-b97da5f0",
                            "tags.%": "1",
                            "tags.Name": "dev-test--bastion",
                            "tenancy": "default",
                            "volume_tags.%": "0",
                            "vpc_security_group_ids.#": "1",
                            "vpc_security_group_ids.251235902": "sg-784a5001"
                        },
                        "meta": {
                            "schema_version": "1"
                        },
                        "tainted": false
                    },
                    "deposed": [],
                    "provider": ""
                },
                "aws_key_pair.bastion_key_pair": {
                    "type": "aws_key_pair",
                    "depends_on": [],
                    "primary": {
                        "id": "bastion_key_pair",
                        "attributes": {
                            "id": "bastion_key_pair",
                            "key_name": "bastion_key_pair",
                            "public_key": "ssh-rsa AAAAB3NzaC1yc2EAAAADAQABAAABAQCe8vNPaE4Tc/pY1dliE5sQRbzR8dG4rjZX/g+jm9bLVFJuhBwFq61a8Awpg4Nkgugszps0fF2md2Ko/+sDgu8ttBePPz/I20bQq+IGGYmRfufSzCaz6TsyjXMbH/bBoJrwvG6t/8PuR5vL4mBf9SlONALpy4Jl5QhBM8P0iV1JIzHwBVP/q7M1PrvBGG5uxB37RqFOXgbx+JDs1Iw+bB5/Dh/KT2uz0Oz/6y6cPUHC6Z9JfnU1YnV1+fQHwWQWafjbh46Z5BwsvVw8h23wGA4XiSVgLROlTvqBiTp3SJKSZwzfdDsHYVyjdii1AHr7IdhqL1uvk10YdcoRbYAmtdeX vpancham@LUK-H1CMMF2"
                        },
                        "meta": {
                            "schema_version": "1"
                        },
                        "tainted": false
                    },
                    "deposed": [],
                    "provider": ""
                },
                "aws_security_group.bastion": {
                    "type": "aws_security_group",
                    "depends_on": [],
                    "primary": {
                        "id": "sg-784a5001",
                        "attributes": {
                            "description": "Bastion security group",
                            "egress.#": "1",
                            "egress.482069346.cidr_blocks.#": "1",
                            "egress.482069346.cidr_blocks.0": "0.0.0.0/0",
                            "egress.482069346.from_port": "0",
                            "egress.482069346.ipv6_cidr_blocks.#": "0",
                            "egress.482069346.prefix_list_ids.#": "0",
                            "egress.482069346.protocol": "-1",
                            "egress.482069346.security_groups.#": "0",
                            "egress.482069346.self": "false",
                            "egress.482069346.to_port": "0",
                            "id": "sg-784a5001",
                            "ingress.#": "2",
                            "ingress.1960698028.cidr_blocks.#": "1",
                            "ingress.1960698028.cidr_blocks.0": "10.0.0.0/16",
                            "ingress.1960698028.from_port": "0",
                            "ingress.1960698028.ipv6_cidr_blocks.#": "0",
                            "ingress.1960698028.protocol": "-1",
                            "ingress.1960698028.security_groups.#": "0",
                            "ingress.1960698028.self": "false",
                            "ingress.1960698028.to_port": "0",
                            "ingress.2541437006.cidr_blocks.#": "1",
                            "ingress.2541437006.cidr_blocks.0": "0.0.0.0/0",
                            "ingress.2541437006.from_port": "22",
                            "ingress.2541437006.ipv6_cidr_blocks.#": "0",
                            "ingress.2541437006.protocol": "tcp",
                            "ingress.2541437006.security_groups.#": "0",
                            "ingress.2541437006.self": "false",
                            "ingress.2541437006.to_port": "22",
                            "name": "dev-test--bastion",
                            "owner_id": "825252702859",
                            "tags.%": "1",
                            "tags.Name": "dev-test--bastion",
                            "vpc_id": "vpc-0467b863"
                        },
                        "meta": {},
                        "tainted": false
                    },
                    "deposed": [],
                    "provider": ""
                }
            },
            "depends_on": []
        },
        {
            "path": [
                "root",
                "network",
                "nat"
            ],
            "outputs": {
                "nat_gateway_ids": {
                    "sensitive": false,
                    "type": "string",
                    "value": "nat-0fcad8c6877301148"
                }
            },
            "resources": {
                "aws_eip.nat": {
                    "type": "aws_eip",
                    "depends_on": [],
                    "primary": {
                        "id": "eipalloc-188af522",
                        "attributes": {
                            "association_id": "",
                            "domain": "vpc",
                            "id": "eipalloc-188af522",
                            "instance": "",
                            "network_interface": "",
                            "private_ip": "",
                            "public_ip": "34.252.251.222",
                            "vpc": "true"
                        },
                        "meta": {},
                        "tainted": false
                    },
                    "deposed": [],
                    "provider": ""
                },
                "aws_nat_gateway.nat": {
                    "type": "aws_nat_gateway",
                    "depends_on": [
                        "aws_eip.nat.*"
                    ],
                    "primary": {
                        "id": "nat-0fcad8c6877301148",
                        "attributes": {
                            "allocation_id": "eipalloc-188af522",
                            "id": "nat-0fcad8c6877301148",
                            "network_interface_id": "eni-273d571a",
                            "private_ip": "10.0.1.81",
                            "public_ip": "34.252.251.222",
                            "subnet_id": "subnet-b97da5f0"
                        },
                        "meta": {},
                        "tainted": false
                    },
                    "deposed": [],
                    "provider": ""
                }
            },
            "depends_on": []
        },
        {
            "path": [
                "root",
                "network",
                "private_subnet"
            ],
            "outputs": {
                "subnet_ids": {
                    "sensitive": false,
                    "type": "string",
                    "value": "subnet-577fa71e,subnet-e70811bf,subnet-037ba34a"
                }
            },
            "resources": {
                "aws_route_table.private.0": {
                    "type": "aws_route_table",
                    "depends_on": [],
                    "primary": {
                        "id": "rtb-f1d0fa96",
                        "attributes": {
                            "id": "rtb-f1d0fa96",
                            "propagating_vgws.#": "0",
                            "route.#": "1",
                            "route.2423126116.cidr_block": "0.0.0.0/0",
                            "route.2423126116.egress_only_gateway_id": "",
                            "route.2423126116.gateway_id": "",
                            "route.2423126116.instance_id": "",
                            "route.2423126116.ipv6_cidr_block": "",
                            "route.2423126116.nat_gateway_id": "nat-0fcad8c6877301148",
                            "route.2423126116.network_interface_id": "",
                            "route.2423126116.vpc_peering_connection_id": "",
                            "tags.%": "1",
                            "tags.Name": "dev-test--private.eu-west-1a",
                            "vpc_id": "vpc-0467b863"
                        },
                        "meta": {},
                        "tainted": false
                    },
                    "deposed": [],
                    "provider": ""
                },
                "aws_route_table.private.1": {
                    "type": "aws_route_table",
                    "depends_on": [],
                    "primary": {
                        "id": "rtb-93d7fdf4",
                        "attributes": {
                            "id": "rtb-93d7fdf4",
                            "propagating_vgws.#": "0",
                            "route.#": "1",
                            "route.2423126116.cidr_block": "0.0.0.0/0",
                            "route.2423126116.egress_only_gateway_id": "",
                            "route.2423126116.gateway_id": "",
                            "route.2423126116.instance_id": "",
                            "route.2423126116.ipv6_cidr_block": "",
                            "route.2423126116.nat_gateway_id": "nat-0fcad8c6877301148",
                            "route.2423126116.network_interface_id": "",
                            "route.2423126116.vpc_peering_connection_id": "",
                            "tags.%": "1",
                            "tags.Name": "dev-test--private.eu-west-1b",
                            "vpc_id": "vpc-0467b863"
                        },
                        "meta": {},
                        "tainted": false
                    },
                    "deposed": [],
                    "provider": ""
                },
                "aws_route_table.private.2": {
                    "type": "aws_route_table",
                    "depends_on": [],
                    "primary": {
                        "id": "rtb-79d3f91e",
                        "attributes": {
                            "id": "rtb-79d3f91e",
                            "propagating_vgws.#": "0",
                            "route.#": "1",
                            "route.2423126116.cidr_block": "0.0.0.0/0",
                            "route.2423126116.egress_only_gateway_id": "",
                            "route.2423126116.gateway_id": "",
                            "route.2423126116.instance_id": "",
                            "route.2423126116.ipv6_cidr_block": "",
                            "route.2423126116.nat_gateway_id": "nat-0fcad8c6877301148",
                            "route.2423126116.network_interface_id": "",
                            "route.2423126116.vpc_peering_connection_id": "",
                            "tags.%": "1",
                            "tags.Name": "dev-test--private.eu-west-1a",
                            "vpc_id": "vpc-0467b863"
                        },
                        "meta": {},
                        "tainted": false
                    },
                    "deposed": [],
                    "provider": ""
                },
                "aws_route_table_association.private.0": {
                    "type": "aws_route_table_association",
                    "depends_on": [
                        "aws_route_table.private.*",
                        "aws_subnet.private.*"
                    ],
                    "primary": {
                        "id": "rtbassoc-7c94d61a",
                        "attributes": {
                            "id": "rtbassoc-7c94d61a",
                            "route_table_id": "rtb-f1d0fa96",
                            "subnet_id": "subnet-577fa71e"
                        },
                        "meta": {},
                        "tainted": false
                    },
                    "deposed": [],
                    "provider": ""
                },
                "aws_route_table_association.private.1": {
                    "type": "aws_route_table_association",
                    "depends_on": [
                        "aws_route_table.private.*",
                        "aws_subnet.private.*"
                    ],
                    "primary": {
                        "id": "rtbassoc-0597d563",
                        "attributes": {
                            "id": "rtbassoc-0597d563",
                            "route_table_id": "rtb-93d7fdf4",
                            "subnet_id": "subnet-e70811bf"
                        },
                        "meta": {},
                        "tainted": false
                    },
                    "deposed": [],
                    "provider": ""
                },
                "aws_route_table_association.private.2": {
                    "type": "aws_route_table_association",
                    "depends_on": [
                        "aws_route_table.private.*",
                        "aws_subnet.private.*"
                    ],
                    "primary": {
                        "id": "rtbassoc-f095d796",
                        "attributes": {
                            "id": "rtbassoc-f095d796",
                            "route_table_id": "rtb-79d3f91e",
                            "subnet_id": "subnet-037ba34a"
                        },
                        "meta": {},
                        "tainted": false
                    },
                    "deposed": [],
                    "provider": ""
                },
                "aws_subnet.private.0": {
                    "type": "aws_subnet",
                    "depends_on": [],
                    "primary": {
                        "id": "subnet-577fa71e",
                        "attributes": {
                            "assign_ipv6_address_on_creation": "false",
                            "availability_zone": "eu-west-1a",
                            "cidr_block": "10.0.3.0/24",
                            "id": "subnet-577fa71e",
                            "map_public_ip_on_launch": "false",
                            "tags.%": "1",
                            "tags.Name": "dev-test--private.eu-west-1a",
                            "vpc_id": "vpc-0467b863"
                        },
                        "meta": {
                            "schema_version": "1"
                        },
                        "tainted": false
                    },
                    "deposed": [],
                    "provider": ""
                },
                "aws_subnet.private.1": {
                    "type": "aws_subnet",
                    "depends_on": [],
                    "primary": {
                        "id": "subnet-e70811bf",
                        "attributes": {
                            "assign_ipv6_address_on_creation": "false",
                            "availability_zone": "eu-west-1b",
                            "cidr_block": "10.0.4.0/24",
                            "id": "subnet-e70811bf",
                            "map_public_ip_on_launch": "false",
                            "tags.%": "1",
                            "tags.Name": "dev-test--private.eu-west-1b",
                            "vpc_id": "vpc-0467b863"
                        },
                        "meta": {
                            "schema_version": "1"
                        },
                        "tainted": false
                    },
                    "deposed": [],
                    "provider": ""
                },
                "aws_subnet.private.2": {
                    "type": "aws_subnet",
                    "depends_on": [],
                    "primary": {
                        "id": "subnet-037ba34a",
                        "attributes": {
                            "assign_ipv6_address_on_creation": "false",
                            "availability_zone": "eu-west-1a",
                            "cidr_block": "10.0.5.0/24",
                            "id": "subnet-037ba34a",
                            "map_public_ip_on_launch": "false",
                            "tags.%": "1",
                            "tags.Name": "dev-test--private.eu-west-1a",
                            "vpc_id": "vpc-0467b863"
                        },
                        "meta": {
                            "schema_version": "1"
                        },
                        "tainted": false
                    },
                    "deposed": [],
                    "provider": ""
                }
            },
            "depends_on": []
        },
        {
            "path": [
                "root",
                "network",
                "public_subnet"
            ],
            "outputs": {
                "subnet_ids": {
                    "sensitive": false,
                    "type": "string",
                    "value": "subnet-b97da5f0,subnet-47150c1f"
                }
            },
            "resources": {
                "aws_internet_gateway.public": {
                    "type": "aws_internet_gateway",
                    "depends_on": [],
                    "primary": {
                        "id": "igw-00aad064",
                        "attributes": {
                            "id": "igw-00aad064",
                            "tags.%": "1",
                            "tags.Name": "dev-test--public",
                            "vpc_id": "vpc-0467b863"
                        },
                        "meta": {},
                        "tainted": false
                    },
                    "deposed": [],
                    "provider": ""
                },
                "aws_route_table.public": {
                    "type": "aws_route_table",
                    "depends_on": [
                        "aws_internet_gateway.public"
                    ],
                    "primary": {
                        "id": "rtb-c4d1fba3",
                        "attributes": {
                            "id": "rtb-c4d1fba3",
                            "propagating_vgws.#": "0",
                            "route.#": "1",
                            "route.4255144877.cidr_block": "0.0.0.0/0",
                            "route.4255144877.egress_only_gateway_id": "",
                            "route.4255144877.gateway_id": "igw-00aad064",
                            "route.4255144877.instance_id": "",
                            "route.4255144877.ipv6_cidr_block": "",
                            "route.4255144877.nat_gateway_id": "",
                            "route.4255144877.network_interface_id": "",
                            "route.4255144877.vpc_peering_connection_id": "",
                            "tags.%": "1",
                            "tags.Name": "dev-test--public.eu-west-1a",
                            "vpc_id": "vpc-0467b863"
                        },
                        "meta": {},
                        "tainted": false
                    },
                    "deposed": [],
                    "provider": ""
                },
                "aws_route_table_association.public.0": {
                    "type": "aws_route_table_association",
                    "depends_on": [
                        "aws_route_table.public",
                        "aws_subnet.public.*"
                    ],
                    "primary": {
                        "id": "rtbassoc-7694d610",
                        "attributes": {
                            "id": "rtbassoc-7694d610",
                            "route_table_id": "rtb-c4d1fba3",
                            "subnet_id": "subnet-b97da5f0"
                        },
                        "meta": {},
                        "tainted": false
                    },
                    "deposed": [],
                    "provider": ""
                },
                "aws_route_table_association.public.1": {
                    "type": "aws_route_table_association",
                    "depends_on": [
                        "aws_route_table.public",
                        "aws_subnet.public.*"
                    ],
                    "primary": {
                        "id": "rtbassoc-e895d78e",
                        "attributes": {
                            "id": "rtbassoc-e895d78e",
                            "route_table_id": "rtb-c4d1fba3",
                            "subnet_id": "subnet-47150c1f"
                        },
                        "meta": {},
                        "tainted": false
                    },
                    "deposed": [],
                    "provider": ""
                },
                "aws_subnet.public.0": {
                    "type": "aws_subnet",
                    "depends_on": [],
                    "primary": {
                        "id": "subnet-b97da5f0",
                        "attributes": {
                            "assign_ipv6_address_on_creation": "false",
                            "availability_zone": "eu-west-1a",
                            "cidr_block": "10.0.1.0/24",
                            "id": "subnet-b97da5f0",
                            "map_public_ip_on_launch": "true",
                            "tags.%": "1",
                            "tags.Name": "dev-test--public.eu-west-1a",
                            "vpc_id": "vpc-0467b863"
                        },
                        "meta": {
                            "schema_version": "1"
                        },
                        "tainted": false
                    },
                    "deposed": [],
                    "provider": ""
                },
                "aws_subnet.public.1": {
                    "type": "aws_subnet",
                    "depends_on": [],
                    "primary": {
                        "id": "subnet-47150c1f",
                        "attributes": {
                            "assign_ipv6_address_on_creation": "false",
                            "availability_zone": "eu-west-1b",
                            "cidr_block": "10.0.2.0/24",
                            "id": "subnet-47150c1f",
                            "map_public_ip_on_launch": "true",
                            "tags.%": "1",
                            "tags.Name": "dev-test--public.eu-west-1b",
                            "vpc_id": "vpc-0467b863"
                        },
                        "meta": {
                            "schema_version": "1"
                        },
                        "tainted": false
                    },
                    "deposed": [],
                    "provider": ""
                }
            },
            "depends_on": []
        },
        {
            "path": [
                "root",
                "network",
                "vpc"
            ],
            "outputs": {
                "vpc_cidr": {
                    "sensitive": false,
                    "type": "string",
                    "value": "10.0.0.0/16"
                },
                "vpc_id": {
                    "sensitive": false,
                    "type": "string",
                    "value": "vpc-0467b863"
                }
            },
            "resources": {
                "aws_vpc.main": {
                    "type": "aws_vpc",
                    "depends_on": [],
                    "primary": {
                        "id": "vpc-0467b863",
                        "attributes": {
                            "assign_generated_ipv6_cidr_block": "false",
                            "cidr_block": "10.0.0.0/16",
                            "default_network_acl_id": "acl-522b4635",
                            "default_route_table_id": "rtb-f5d0fa92",
                            "default_security_group_id": "sg-48485231",
                            "dhcp_options_id": "dopt-0e1e476b",
                            "enable_classiclink": "false",
                            "enable_dns_hostnames": "true",
                            "enable_dns_support": "true",
                            "id": "vpc-0467b863",
                            "instance_tenancy": "default",
                            "main_route_table_id": "rtb-f5d0fa92",
                            "tags.%": "1",
                            "tags.Name": "dev-test--vpc"
                        },
                        "meta": {
                            "schema_version": "1"
                        },
                        "tainted": false
                    },
                    "deposed": [],
                    "provider": ""
                }
            },
            "depends_on": []
        },
        {
            "path": [
                "root",
                "rds1",
                "rds"
            ],
            "outputs": {
                "rds_endpoint": {
                    "sensitive": false,
                    "type": "string",
                    "value": "appdb.cpojlxsavdro.eu-west-1.rds.amazonaws.com:3306"
                },
                "rds_sg_id": {
                    "sensitive": false,
                    "type": "string",
                    "value": "sg-934852ea"
                }
            },
            "resources": {
                "aws_db_instance.app_db": {
                    "type": "aws_db_instance",
                    "depends_on": [
                        "aws_db_parameter_group.app_db_parameters",
                        "aws_db_subnet_group.app_db_subnet",
                        "aws_security_group.rds_sg"
                    ],
                    "primary": {
                        "id": "appdb",
                        "attributes": {
                            "address": "appdb.cpojlxsavdro.eu-west-1.rds.amazonaws.com",
                            "allocated_storage": "100",
                            "arn": "arn:aws:rds:eu-west-1:825252702859:db:appdb",
                            "auto_minor_version_upgrade": "true",
                            "availability_zone": "eu-west-1a",
                            "backup_retention_period": "30",
                            "backup_window": "00:29-00:59",
                            "copy_tags_to_snapshot": "false",
                            "db_subnet_group_name": "app-db-subnet",
                            "endpoint": "appdb.cpojlxsavdro.eu-west-1.rds.amazonaws.com:3306",
                            "engine": "mariadb",
                            "engine_version": "10.1.14",
                            "hosted_zone_id": "Z29XKXDKYMONMX",
                            "iam_database_authentication_enabled": "false",
                            "id": "appdb",
                            "identifier": "appdb",
                            "instance_class": "db.t2.micro",
                            "iops": "0",
                            "kms_key_id": "",
                            "license_model": "general-public-license",
                            "maintenance_window": "sun:01:25-sun:01:55",
                            "monitoring_interval": "0",
                            "multi_az": "false",
                            "name": "appdb",
                            "option_group_name": "default:mariadb-10-1",
                            "parameter_group_name": "app-db-parameters",
                            "password": "abcdefgh",
                            "port": "3306",
                            "publicly_accessible": "false",
                            "replicas.#": "0",
                            "replicate_source_db": "",
                            "security_group_names.#": "0",
                            "skip_final_snapshot": "true",
                            "status": "available",
                            "storage_encrypted": "false",
                            "storage_type": "gp2",
                            "tags.%": "1",
                            "tags.Name": "application_database_instance",
                            "timezone": "",
                            "username": "root",
                            "vpc_security_group_ids.#": "1",
                            "vpc_security_group_ids.2203339207": "sg-934852ea"
                        },
                        "meta": {
                            "e2bfb730-ecaa-11e6-8f88-34363bc7c4c0": {
                                "create": 2400000000000,
                                "delete": 2400000000000,
                                "update": 4800000000000
                            }
                        },
                        "tainted": false
                    },
                    "deposed": [],
                    "provider": ""
                },
                "aws_db_parameter_group.app_db_parameters": {
                    "type": "aws_db_parameter_group",
                    "depends_on": [],
                    "primary": {
                        "id": "app-db-parameters",
                        "attributes": {
                            "arn": "arn:aws:rds:eu-west-1:825252702859:pg:app-db-parameters",
                            "description": "Application database parameter group",
                            "family": "mariadb10.1",
                            "id": "app-db-parameters",
                            "name": "app-db-parameters",
                            "parameter.#": "1",
                            "parameter.245681620.apply_method": "immediate",
                            "parameter.245681620.name": "max_allowed_packet",
                            "parameter.245681620.value": "16777216",
                            "tags.%": "0"
                        },
                        "meta": {},
                        "tainted": false
                    },
                    "deposed": [],
                    "provider": ""
                },
                "aws_db_subnet_group.app_db_subnet": {
                    "type": "aws_db_subnet_group",
                    "depends_on": [],
                    "primary": {
                        "id": "app-db-subnet",
                        "attributes": {
                            "arn": "arn:aws:rds:eu-west-1:825252702859:subgrp:app-db-subnet",
                            "description": "RDS subnet group",
                            "id": "app-db-subnet",
                            "name": "app-db-subnet",
                            "subnet_ids.#": "3",
                            "subnet_ids.1387124919": "subnet-e70811bf",
                            "subnet_ids.1521632862": "subnet-577fa71e",
                            "subnet_ids.1854820969": "subnet-037ba34a",
                            "tags.%": "0"
                        },
                        "meta": {},
                        "tainted": false
                    },
                    "deposed": [],
                    "provider": ""
                },
                "aws_security_group.rds_sg": {
                    "type": "aws_security_group",
                    "depends_on": [],
                    "primary": {
                        "id": "sg-934852ea",
                        "attributes": {
                            "description": "RDS security group",
                            "egress.#": "1",
                            "egress.2510676008.cidr_blocks.#": "1",
                            "egress.2510676008.cidr_blocks.0": "0.0.0.0/0",
                            "egress.2510676008.from_port": "0",
                            "egress.2510676008.ipv6_cidr_blocks.#": "0",
                            "egress.2510676008.prefix_list_ids.#": "0",
                            "egress.2510676008.protocol": "-1",
                            "egress.2510676008.security_groups.#": "0",
                            "egress.2510676008.self": "true",
                            "egress.2510676008.to_port": "0",
                            "id": "sg-934852ea",
                            "ingress.#": "1",
                            "ingress.1367417043.cidr_blocks.#": "0",
                            "ingress.1367417043.from_port": "3306",
                            "ingress.1367417043.ipv6_cidr_blocks.#": "0",
                            "ingress.1367417043.protocol": "tcp",
                            "ingress.1367417043.security_groups.#": "1",
                            "ingress.1367417043.security_groups.1076728706": "sg-40554f39",
                            "ingress.1367417043.self": "false",
                            "ingress.1367417043.to_port": "3306",
                            "name": "rds-sg",
                            "owner_id": "825252702859",
                            "tags.%": "1",
                            "tags.Name": "rds_sg",
                            "vpc_id": "vpc-0467b863"
                        },
                        "meta": {},
                        "tainted": false
                    },
                    "deposed": [],
                    "provider": ""
                }
            },
            "depends_on": []
        },
        {
            "path": [
                "root",
                "network",
                "bastion",
                "ami"
            ],
            "outputs": {
                "ami_id": {
                    "sensitive": false,
                    "type": "string",
                    "value": "ami-1f808179"
                }
            },
            "resources": {},
            "depends_on": []
        },
        {
            "path": [
                "root",
                "network",
                "bastion",
                "ami",
                "ami"
            ],
            "outputs": {
                "ami_id": {
                    "sensitive": false,
                    "type": "string",
                    "value": "ami-1f808179"
                }
            },
            "resources": {},
            "depends_on": []
        },
        {
            "path": [
                "root",
                "network",
                "bastion",
                "ami",
                "virttype"
            ],
            "outputs": {
                "prefer_hvm": {
                    "sensitive": false,
                    "type": "string",
                    "value": "hvm"
                },
                "prefer_pv": {
                    "sensitive": false,
                    "type": "string",
                    "value": "hvm"
                }
            },
            "resources": {},
            "depends_on": []
        }
    ]
}
